
Microsoft Visual Studio Solution File, Format Version 12.00
Project("{FAE04EC0-301F-11D3-BF4B-00C04F79EFBC}") = "Hackmos2025", "Hackmos2025\Hackmos2025.csproj", "{673EFDDE-D6B0-4E93-B9ED-1BEAFFF1D1CB}"
EndProject
Global
	GlobalSection(SolutionConfigurationPlatforms) = preSolution
		Debug|Any CPU = Debug|Any CPU
		Release|Any CPU = Release|Any CPU
	EndGlobalSection
	GlobalSection(ProjectConfigurationPlatforms) = postSolution
		{673EFDDE-D6B0-4E93-B9ED-1BEAFFF1D1CB}.Debug|Any CPU.ActiveCfg = Debug|Any CPU
		{673EFDDE-D6B0-4E93-B9ED-1BEAFFF1D1CB}.Debug|Any CPU.Build.0 = Debug|Any CPU
		{673EFDDE-D6B0-4E93-B9ED-1BEAFFF1D1CB}.Release|Any CPU.ActiveCfg = Release|Any CPU
		{673EFDDE-D6B0-4E93-B9ED-1BEAFFF1D1CB}.Release|Any CPU.Build.0 = Release|Any CPU
	EndGlobalSection
EndGlobal
